
Microsoft Visual Studio Solution File, Format Version 12.00
# Visual Studio 14
VisualStudioVersion = 14.0.24720.0
MinimumVisualStudioVersion = 10.0.40219.1
Project("{FAE04EC0-301F-11D3-BF4B-00C04F79EFBC}") = "NServiceBus.Mandrill", "src\NServiceBus.Mandrill\NServiceBus.Mandrill.csproj", "{DCFD54FD-AA31-47B0-AE9F-810AF5E2E5EC}"
EndProject
Project("{FAE04EC0-301F-11D3-BF4B-00C04F79EFBC}") = "Tests", "tests\Tests.csproj", "{5E783E59-13BE-4CEA-8A69-88C13865F8EF}"
EndProject
Project("{FAE04EC0-301F-11D3-BF4B-00C04F79EFBC}") = "Sample", "samples\Sample\Sample.csproj", "{F319C485-9105-4EDF-8E5A-885393045C50}"
EndProject
Project("{2150E333-8FDC-42A3-9474-1A3956D46DE8}") = "Solution Items", "Solution Items", "{7AD5C68E-FBEE-4F03-80DE-B612DD3A047D}"
	ProjectSection(SolutionItems) = preProject
		appveyor.yml = appveyor.yml
	EndProjectSection
EndProject
Global
	GlobalSection(SolutionConfigurationPlatforms) = preSolution
		Debug|Any CPU = Debug|Any CPU
		Release|Any CPU = Release|Any CPU
	EndGlobalSection
	GlobalSection(ProjectConfigurationPlatforms) = postSolution
		{DCFD54FD-AA31-47B0-AE9F-810AF5E2E5EC}.Debug|Any CPU.ActiveCfg = Debug|Any CPU
		{DCFD54FD-AA31-47B0-AE9F-810AF5E2E5EC}.Debug|Any CPU.Build.0 = Debug|Any CPU
		{DCFD54FD-AA31-47B0-AE9F-810AF5E2E5EC}.Release|Any CPU.ActiveCfg = Release|Any CPU
		{DCFD54FD-AA31-47B0-AE9F-810AF5E2E5EC}.Release|Any CPU.Build.0 = Release|Any CPU
		{5E783E59-13BE-4CEA-8A69-88C13865F8EF}.Debug|Any CPU.ActiveCfg = Debug|Any CPU
		{5E783E59-13BE-4CEA-8A69-88C13865F8EF}.Debug|Any CPU.Build.0 = Debug|Any CPU
		{5E783E59-13BE-4CEA-8A69-88C13865F8EF}.Release|Any CPU.ActiveCfg = Release|Any CPU
		{5E783E59-13BE-4CEA-8A69-88C13865F8EF}.Release|Any CPU.Build.0 = Release|Any CPU
		{F319C485-9105-4EDF-8E5A-885393045C50}.Debug|Any CPU.ActiveCfg = Debug|Any CPU
		{F319C485-9105-4EDF-8E5A-885393045C50}.Debug|Any CPU.Build.0 = Debug|Any CPU
		{F319C485-9105-4EDF-8E5A-885393045C50}.Release|Any CPU.ActiveCfg = Release|Any CPU
		{F319C485-9105-4EDF-8E5A-885393045C50}.Release|Any CPU.Build.0 = Release|Any CPU
	EndGlobalSection
	GlobalSection(SolutionProperties) = preSolution
		HideSolutionNode = FALSE
	EndGlobalSection
EndGlobal
